
Microsoft Visual Studio Solution File, Format Version 12.00
# Visual Studio Version 17
VisualStudioVersion = 17.4.33213.308
MinimumVisualStudioVersion = 10.0.40219.1
Project("{FAE04EC0-301F-11D3-BF4B-00C04F79EFBC}") = "prim-mst", "prim-mst.csproj", "{372AAF61-A061-4E4D-BCC3-8B4960102D5A}"
EndProject
Global
	GlobalSection(SolutionConfigurationPlatforms) = preSolution
		Debug|Any CPU = Debug|Any CPU
		Release|Any CPU = Release|Any CPU
	EndGlobalSection
	GlobalSection(ProjectConfigurationPlatforms) = postSolution
		{372AAF61-A061-4E4D-BCC3-8B4960102D5A}.Debug|Any CPU.ActiveCfg = Debug|Any CPU
		{372AAF61-A061-4E4D-BCC3-8B4960102D5A}.Debug|Any CPU.Build.0 = Debug|Any CPU
		{372AAF61-A061-4E4D-BCC3-8B4960102D5A}.Release|Any CPU.ActiveCfg = Release|Any CPU
		{372AAF61-A061-4E4D-BCC3-8B4960102D5A}.Release|Any CPU.Build.0 = Release|Any CPU
	EndGlobalSection
	GlobalSection(SolutionProperties) = preSolution
		HideSolutionNode = FALSE
	EndGlobalSection
	GlobalSection(ExtensibilityGlobals) = postSolution
		SolutionGuid = {BE4A1C7B-83E9-4DCE-AA23-CAD37E34DB2F}
	EndGlobalSection
EndGlobal
